
Microsoft Visual Studio Solution File, Format Version 12.00
# Visual Studio 15
VisualStudioVersion = 15.0.26124.0
MinimumVisualStudioVersion = 15.0.26124.0
Project("{FAE04EC0-301F-11D3-BF4B-00C04F79EFBC}") = "AccountingBackend.Application", "AccountingBackend.Application\AccountingBackend.Application.csproj", "{C5B7DA56-ED64-4B04-9EE2-C9B0924AEEBB}"
EndProject
Project("{FAE04EC0-301F-11D3-BF4B-00C04F79EFBC}") = "AccountingBackend.Persistance", "AccountingBackend.Persistance\AccountingBackend.Persistance.csproj", "{1F9A03CB-1EDE-471D-AE7B-8181738C8BE9}"
EndProject
Project("{FAE04EC0-301F-11D3-BF4B-00C04F79EFBC}") = "AccountingBackend.Domain", "AccountingBackend.Domain\AccountingBackend.Domain.csproj", "{51ACAA8B-1635-429F-9C24-DFA0DCFC9656}"
EndProject
Project("{FAE04EC0-301F-11D3-BF4B-00C04F79EFBC}") = "AccountingBackend.Infrastructure", "AccountingBackend.Infrastructure\AccountingBackend.Infrastructure.csproj", "{01EE6409-CDDC-4B86-AA0F-657B9C7E8EC4}"
EndProject
Project("{FAE04EC0-301F-11D3-BF4B-00C04F79EFBC}") = "AccountingBackend.Api.Test", "AccountingBackend.Api.Test\AccountingBackend.Api.Test.csproj", "{8A6A96C5-1B10-4D36-9B4A-628F4944E485}"
EndProject
Project("{FAE04EC0-301F-11D3-BF4B-00C04F79EFBC}") = "AccountingBackend.Application.Test", "AccountingBackend.Application.Test\AccountingBackend.Application.Test.csproj", "{6BAA0E2A-5576-4DD0-AFE6-7C0AAEF963AD}"
EndProject
Project("{FAE04EC0-301F-11D3-BF4B-00C04F79EFBC}") = "AccountingBackend.Domain.Test", "AccountingBackend.Domain.Test\AccountingBackend.Domain.Test.csproj", "{A1F27596-ECD1-4E6A-908F-0F6752277E38}"
EndProject
Project("{FAE04EC0-301F-11D3-BF4B-00C04F79EFBC}") = "AccountingBackend.Infrastructure.Test", "AccountingBackend.Infrastructure.Test\AccountingBackend.Infrastructure.Test.csproj", "{EB00D6AC-0660-47B7-B381-F0D3F77D5C2B}"
EndProject
Project("{FAE04EC0-301F-11D3-BF4B-00C04F79EFBC}") = "AccountingBackend.Persistance.Test", "AccountingBackend.Persistance.Test\AccountingBackend.Persistance.Test.csproj", "{F8BDB87F-2623-467C-A76E-3C703C75158F}"
EndProject
Project("{FAE04EC0-301F-11D3-BF4B-00C04F79EFBC}") = "AccountingBackend.Commons.Test", "AccountingBackend.Commons.Test\AccountingBackend.Commons.Test.csproj", "{64BA3170-3FB8-409E-822D-7C1294E6842A}"
EndProject
Project("{FAE04EC0-301F-11D3-BF4B-00C04F79EFBC}") = "AccountingBackend.Commons", "AccountingBackend.Commons\AccountingBackend.Commons.csproj", "{5350F9E8-3310-43C8-B1F3-7D31AE72D470}"
EndProject
Project("{FAE04EC0-301F-11D3-BF4B-00C04F79EFBC}") = "AccountingBackend.Api", "AccountingBackend.Api\AccountingBackend.Api.csproj", "{B6F35683-5CA8-4022-B021-3269867702C5}"
EndProject
Project("{FAE04EC0-301F-11D3-BF4B-00C04F79EFBC}") = "BackendSecurity.Domain", "BackendSecurity.Domain\BackendSecurity.Domain.csproj", "{E134ACC3-9569-4125-8AB8-4865576A491B}"
EndProject
Project("{FAE04EC0-301F-11D3-BF4B-00C04F79EFBC}") = "BackendSecurity.Persistance", "BackendSecurity.Persistance\BackendSecurity.Persistance.csproj", "{E8A2FF5F-B0D0-4209-9DE4-8B7D395AA87E}"
EndProject
Project("{FAE04EC0-301F-11D3-BF4B-00C04F79EFBC}") = "BackendSecurity.Persistance.Test", "BackendSecurity.Persistance.Test\BackendSecurity.Persistance.Test.csproj", "{AA4F3EA5-8F4D-4CD2-AA13-51415D0E42C0}"
EndProject
Project("{FAE04EC0-301F-11D3-BF4B-00C04F79EFBC}") = "BackendSecurity.Domain.Test", "BackendSecurity.Domain.Test\BackendSecurity.Domain.Test.csproj", "{99AA4837-03DB-41F1-8670-85A208A4BB0B}"
EndProject
Global
	GlobalSection(SolutionConfigurationPlatforms) = preSolution
		Debug|Any CPU = Debug|Any CPU
		Debug|x64 = Debug|x64
		Debug|x86 = Debug|x86
		Release|Any CPU = Release|Any CPU
		Release|x64 = Release|x64
		Release|x86 = Release|x86
	EndGlobalSection
	GlobalSection(SolutionProperties) = preSolution
		HideSolutionNode = FALSE
	EndGlobalSection
	GlobalSection(ProjectConfigurationPlatforms) = postSolution
		{C5B7DA56-ED64-4B04-9EE2-C9B0924AEEBB}.Debug|Any CPU.ActiveCfg = Debug|Any CPU
		{C5B7DA56-ED64-4B04-9EE2-C9B0924AEEBB}.Debug|Any CPU.Build.0 = Debug|Any CPU
		{C5B7DA56-ED64-4B04-9EE2-C9B0924AEEBB}.Debug|x64.ActiveCfg = Debug|Any CPU
		{C5B7DA56-ED64-4B04-9EE2-C9B0924AEEBB}.Debug|x64.Build.0 = Debug|Any CPU
		{C5B7DA56-ED64-4B04-9EE2-C9B0924AEEBB}.Debug|x86.ActiveCfg = Debug|Any CPU
		{C5B7DA56-ED64-4B04-9EE2-C9B0924AEEBB}.Debug|x86.Build.0 = Debug|Any CPU
		{C5B7DA56-ED64-4B04-9EE2-C9B0924AEEBB}.Release|Any CPU.ActiveCfg = Release|Any CPU
		{C5B7DA56-ED64-4B04-9EE2-C9B0924AEEBB}.Release|Any CPU.Build.0 = Release|Any CPU
		{C5B7DA56-ED64-4B04-9EE2-C9B0924AEEBB}.Release|x64.ActiveCfg = Release|Any CPU
		{C5B7DA56-ED64-4B04-9EE2-C9B0924AEEBB}.Release|x64.Build.0 = Release|Any CPU
		{C5B7DA56-ED64-4B04-9EE2-C9B0924AEEBB}.Release|x86.ActiveCfg = Release|Any CPU
		{C5B7DA56-ED64-4B04-9EE2-C9B0924AEEBB}.Release|x86.Build.0 = Release|Any CPU
		{1F9A03CB-1EDE-471D-AE7B-8181738C8BE9}.Debug|Any CPU.ActiveCfg = Debug|Any CPU
		{1F9A03CB-1EDE-471D-AE7B-8181738C8BE9}.Debug|Any CPU.Build.0 = Debug|Any CPU
		{1F9A03CB-1EDE-471D-AE7B-8181738C8BE9}.Debug|x64.ActiveCfg = Debug|Any CPU
		{1F9A03CB-1EDE-471D-AE7B-8181738C8BE9}.Debug|x64.Build.0 = Debug|Any CPU
		{1F9A03CB-1EDE-471D-AE7B-8181738C8BE9}.Debug|x86.ActiveCfg = Debug|Any CPU
		{1F9A03CB-1EDE-471D-AE7B-8181738C8BE9}.Debug|x86.Build.0 = Debug|Any CPU
		{1F9A03CB-1EDE-471D-AE7B-8181738C8BE9}.Release|Any CPU.ActiveCfg = Release|Any CPU
		{1F9A03CB-1EDE-471D-AE7B-8181738C8BE9}.Release|Any CPU.Build.0 = Release|Any CPU
		{1F9A03CB-1EDE-471D-AE7B-8181738C8BE9}.Release|x64.ActiveCfg = Release|Any CPU
		{1F9A03CB-1EDE-471D-AE7B-8181738C8BE9}.Release|x64.Build.0 = Release|Any CPU
		{1F9A03CB-1EDE-471D-AE7B-8181738C8BE9}.Release|x86.ActiveCfg = Release|Any CPU
		{1F9A03CB-1EDE-471D-AE7B-8181738C8BE9}.Release|x86.Build.0 = Release|Any CPU
		{51ACAA8B-1635-429F-9C24-DFA0DCFC9656}.Debug|Any CPU.ActiveCfg = Debug|Any CPU
		{51ACAA8B-1635-429F-9C24-DFA0DCFC9656}.Debug|Any CPU.Build.0 = Debug|Any CPU
		{51ACAA8B-1635-429F-9C24-DFA0DCFC9656}.Debug|x64.ActiveCfg = Debug|Any CPU
		{51ACAA8B-1635-429F-9C24-DFA0DCFC9656}.Debug|x64.Build.0 = Debug|Any CPU
		{51ACAA8B-1635-429F-9C24-DFA0DCFC9656}.Debug|x86.ActiveCfg = Debug|Any CPU
		{51ACAA8B-1635-429F-9C24-DFA0DCFC9656}.Debug|x86.Build.0 = Debug|Any CPU
		{51ACAA8B-1635-429F-9C24-DFA0DCFC9656}.Release|Any CPU.ActiveCfg = Release|Any CPU
		{51ACAA8B-1635-429F-9C24-DFA0DCFC9656}.Release|Any CPU.Build.0 = Release|Any CPU
		{51ACAA8B-1635-429F-9C24-DFA0DCFC9656}.Release|x64.ActiveCfg = Release|Any CPU
		{51ACAA8B-1635-429F-9C24-DFA0DCFC9656}.Release|x64.Build.0 = Release|Any CPU
		{51ACAA8B-1635-429F-9C24-DFA0DCFC9656}.Release|x86.ActiveCfg = Release|Any CPU
		{51ACAA8B-1635-429F-9C24-DFA0DCFC9656}.Release|x86.Build.0 = Release|Any CPU
		{01EE6409-CDDC-4B86-AA0F-657B9C7E8EC4}.Debug|Any CPU.ActiveCfg = Debug|Any CPU
		{01EE6409-CDDC-4B86-AA0F-657B9C7E8EC4}.Debug|Any CPU.Build.0 = Debug|Any CPU
		{01EE6409-CDDC-4B86-AA0F-657B9C7E8EC4}.Debug|x64.ActiveCfg = Debug|Any CPU
		{01EE6409-CDDC-4B86-AA0F-657B9C7E8EC4}.Debug|x64.Build.0 = Debug|Any CPU
		{01EE6409-CDDC-4B86-AA0F-657B9C7E8EC4}.Debug|x86.ActiveCfg = Debug|Any CPU
		{01EE6409-CDDC-4B86-AA0F-657B9C7E8EC4}.Debug|x86.Build.0 = Debug|Any CPU
		{01EE6409-CDDC-4B86-AA0F-657B9C7E8EC4}.Release|Any CPU.ActiveCfg = Release|Any CPU
		{01EE6409-CDDC-4B86-AA0F-657B9C7E8EC4}.Release|Any CPU.Build.0 = Release|Any CPU
		{01EE6409-CDDC-4B86-AA0F-657B9C7E8EC4}.Release|x64.ActiveCfg = Release|Any CPU
		{01EE6409-CDDC-4B86-AA0F-657B9C7E8EC4}.Release|x64.Build.0 = Release|Any CPU
		{01EE6409-CDDC-4B86-AA0F-657B9C7E8EC4}.Release|x86.ActiveCfg = Release|Any CPU
		{01EE6409-CDDC-4B86-AA0F-657B9C7E8EC4}.Release|x86.Build.0 = Release|Any CPU
		{8A6A96C5-1B10-4D36-9B4A-628F4944E485}.Debug|Any CPU.ActiveCfg = Debug|Any CPU
		{8A6A96C5-1B10-4D36-9B4A-628F4944E485}.Debug|Any CPU.Build.0 = Debug|Any CPU
		{8A6A96C5-1B10-4D36-9B4A-628F4944E485}.Debug|x64.ActiveCfg = Debug|Any CPU
		{8A6A96C5-1B10-4D36-9B4A-628F4944E485}.Debug|x64.Build.0 = Debug|Any CPU
		{8A6A96C5-1B10-4D36-9B4A-628F4944E485}.Debug|x86.ActiveCfg = Debug|Any CPU
		{8A6A96C5-1B10-4D36-9B4A-628F4944E485}.Debug|x86.Build.0 = Debug|Any CPU
		{8A6A96C5-1B10-4D36-9B4A-628F4944E485}.Release|Any CPU.ActiveCfg = Release|Any CPU
		{8A6A96C5-1B10-4D36-9B4A-628F4944E485}.Release|Any CPU.Build.0 = Release|Any CPU
		{8A6A96C5-1B10-4D36-9B4A-628F4944E485}.Release|x64.ActiveCfg = Release|Any CPU
		{8A6A96C5-1B10-4D36-9B4A-628F4944E485}.Release|x64.Build.0 = Release|Any CPU
		{8A6A96C5-1B10-4D36-9B4A-628F4944E485}.Release|x86.ActiveCfg = Release|Any CPU
		{8A6A96C5-1B10-4D36-9B4A-628F4944E485}.Release|x86.Build.0 = Release|Any CPU
		{6BAA0E2A-5576-4DD0-AFE6-7C0AAEF963AD}.Debug|Any CPU.ActiveCfg = Debug|Any CPU
		{6BAA0E2A-5576-4DD0-AFE6-7C0AAEF963AD}.Debug|Any CPU.Build.0 = Debug|Any CPU
		{6BAA0E2A-5576-4DD0-AFE6-7C0AAEF963AD}.Debug|x64.ActiveCfg = Debug|Any CPU
		{6BAA0E2A-5576-4DD0-AFE6-7C0AAEF963AD}.Debug|x64.Build.0 = Debug|Any CPU
		{6BAA0E2A-5576-4DD0-AFE6-7C0AAEF963AD}.Debug|x86.ActiveCfg = Debug|Any CPU
		{6BAA0E2A-5576-4DD0-AFE6-7C0AAEF963AD}.Debug|x86.Build.0 = Debug|Any CPU
		{6BAA0E2A-5576-4DD0-AFE6-7C0AAEF963AD}.Release|Any CPU.ActiveCfg = Release|Any CPU
		{6BAA0E2A-5576-4DD0-AFE6-7C0AAEF963AD}.Release|Any CPU.Build.0 = Release|Any CPU
		{6BAA0E2A-5576-4DD0-AFE6-7C0AAEF963AD}.Release|x64.ActiveCfg = Release|Any CPU
		{6BAA0E2A-5576-4DD0-AFE6-7C0AAEF963AD}.Release|x64.Build.0 = Release|Any CPU
		{6BAA0E2A-5576-4DD0-AFE6-7C0AAEF963AD}.Release|x86.ActiveCfg = Release|Any CPU
		{6BAA0E2A-5576-4DD0-AFE6-7C0AAEF963AD}.Release|x86.Build.0 = Release|Any CPU
		{A1F27596-ECD1-4E6A-908F-0F6752277E38}.Debug|Any CPU.ActiveCfg = Debug|Any CPU
		{A1F27596-ECD1-4E6A-908F-0F6752277E38}.Debug|Any CPU.Build.0 = Debug|Any CPU
		{A1F27596-ECD1-4E6A-908F-0F6752277E38}.Debug|x64.ActiveCfg = Debug|Any CPU
		{A1F27596-ECD1-4E6A-908F-0F6752277E38}.Debug|x64.Build.0 = Debug|Any CPU
		{A1F27596-ECD1-4E6A-908F-0F6752277E38}.Debug|x86.ActiveCfg = Debug|Any CPU
		{A1F27596-ECD1-4E6A-908F-0F6752277E38}.Debug|x86.Build.0 = Debug|Any CPU
		{A1F27596-ECD1-4E6A-908F-0F6752277E38}.Release|Any CPU.ActiveCfg = Release|Any CPU
		{A1F27596-ECD1-4E6A-908F-0F6752277E38}.Release|Any CPU.Build.0 = Release|Any CPU
		{A1F27596-ECD1-4E6A-908F-0F6752277E38}.Release|x64.ActiveCfg = Release|Any CPU
		{A1F27596-ECD1-4E6A-908F-0F6752277E38}.Release|x64.Build.0 = Release|Any CPU
		{A1F27596-ECD1-4E6A-908F-0F6752277E38}.Release|x86.ActiveCfg = Release|Any CPU
		{A1F27596-ECD1-4E6A-908F-0F6752277E38}.Release|x86.Build.0 = Release|Any CPU
		{EB00D6AC-0660-47B7-B381-F0D3F77D5C2B}.Debug|Any CPU.ActiveCfg = Debug|Any CPU
		{EB00D6AC-0660-47B7-B381-F0D3F77D5C2B}.Debug|Any CPU.Build.0 = Debug|Any CPU
		{EB00D6AC-0660-47B7-B381-F0D3F77D5C2B}.Debug|x64.ActiveCfg = Debug|Any CPU
		{EB00D6AC-0660-47B7-B381-F0D3F77D5C2B}.Debug|x64.Build.0 = Debug|Any CPU
		{EB00D6AC-0660-47B7-B381-F0D3F77D5C2B}.Debug|x86.ActiveCfg = Debug|Any CPU
		{EB00D6AC-0660-47B7-B381-F0D3F77D5C2B}.Debug|x86.Build.0 = Debug|Any CPU
		{EB00D6AC-0660-47B7-B381-F0D3F77D5C2B}.Release|Any CPU.ActiveCfg = Release|Any CPU
		{EB00D6AC-0660-47B7-B381-F0D3F77D5C2B}.Release|Any CPU.Build.0 = Release|Any CPU
		{EB00D6AC-0660-47B7-B381-F0D3F77D5C2B}.Release|x64.ActiveCfg = Release|Any CPU
		{EB00D6AC-0660-47B7-B381-F0D3F77D5C2B}.Release|x64.Build.0 = Release|Any CPU
		{EB00D6AC-0660-47B7-B381-F0D3F77D5C2B}.Release|x86.ActiveCfg = Release|Any CPU
		{EB00D6AC-0660-47B7-B381-F0D3F77D5C2B}.Release|x86.Build.0 = Release|Any CPU
		{F8BDB87F-2623-467C-A76E-3C703C75158F}.Debug|Any CPU.ActiveCfg = Debug|Any CPU
		{F8BDB87F-2623-467C-A76E-3C703C75158F}.Debug|Any CPU.Build.0 = Debug|Any CPU
		{F8BDB87F-2623-467C-A76E-3C703C75158F}.Debug|x64.ActiveCfg = Debug|Any CPU
		{F8BDB87F-2623-467C-A76E-3C703C75158F}.Debug|x64.Build.0 = Debug|Any CPU
		{F8BDB87F-2623-467C-A76E-3C703C75158F}.Debug|x86.ActiveCfg = Debug|Any CPU
		{F8BDB87F-2623-467C-A76E-3C703C75158F}.Debug|x86.Build.0 = Debug|Any CPU
		{F8BDB87F-2623-467C-A76E-3C703C75158F}.Release|Any CPU.ActiveCfg = Release|Any CPU
		{F8BDB87F-2623-467C-A76E-3C703C75158F}.Release|Any CPU.Build.0 = Release|Any CPU
		{F8BDB87F-2623-467C-A76E-3C703C75158F}.Release|x64.ActiveCfg = Release|Any CPU
		{F8BDB87F-2623-467C-A76E-3C703C75158F}.Release|x64.Build.0 = Release|Any CPU
		{F8BDB87F-2623-467C-A76E-3C703C75158F}.Release|x86.ActiveCfg = Release|Any CPU
		{F8BDB87F-2623-467C-A76E-3C703C75158F}.Release|x86.Build.0 = Release|Any CPU
		{64BA3170-3FB8-409E-822D-7C1294E6842A}.Debug|Any CPU.ActiveCfg = Debug|Any CPU
		{64BA3170-3FB8-409E-822D-7C1294E6842A}.Debug|Any CPU.Build.0 = Debug|Any CPU
		{64BA3170-3FB8-409E-822D-7C1294E6842A}.Debug|x64.ActiveCfg = Debug|Any CPU
		{64BA3170-3FB8-409E-822D-7C1294E6842A}.Debug|x64.Build.0 = Debug|Any CPU
		{64BA3170-3FB8-409E-822D-7C1294E6842A}.Debug|x86.ActiveCfg = Debug|Any CPU
		{64BA3170-3FB8-409E-822D-7C1294E6842A}.Debug|x86.Build.0 = Debug|Any CPU
		{64BA3170-3FB8-409E-822D-7C1294E6842A}.Release|Any CPU.ActiveCfg = Release|Any CPU
		{64BA3170-3FB8-409E-822D-7C1294E6842A}.Release|Any CPU.Build.0 = Release|Any CPU
		{64BA3170-3FB8-409E-822D-7C1294E6842A}.Release|x64.ActiveCfg = Release|Any CPU
		{64BA3170-3FB8-409E-822D-7C1294E6842A}.Release|x64.Build.0 = Release|Any CPU
		{64BA3170-3FB8-409E-822D-7C1294E6842A}.Release|x86.ActiveCfg = Release|Any CPU
		{64BA3170-3FB8-409E-822D-7C1294E6842A}.Release|x86.Build.0 = Release|Any CPU
		{5350F9E8-3310-43C8-B1F3-7D31AE72D470}.Debug|Any CPU.ActiveCfg = Debug|Any CPU
		{5350F9E8-3310-43C8-B1F3-7D31AE72D470}.Debug|Any CPU.Build.0 = Debug|Any CPU
		{5350F9E8-3310-43C8-B1F3-7D31AE72D470}.Debug|x64.ActiveCfg = Debug|Any CPU
		{5350F9E8-3310-43C8-B1F3-7D31AE72D470}.Debug|x64.Build.0 = Debug|Any CPU
		{5350F9E8-3310-43C8-B1F3-7D31AE72D470}.Debug|x86.ActiveCfg = Debug|Any CPU
		{5350F9E8-3310-43C8-B1F3-7D31AE72D470}.Debug|x86.Build.0 = Debug|Any CPU
		{5350F9E8-3310-43C8-B1F3-7D31AE72D470}.Release|Any CPU.ActiveCfg = Release|Any CPU
		{5350F9E8-3310-43C8-B1F3-7D31AE72D470}.Release|Any CPU.Build.0 = Release|Any CPU
		{5350F9E8-3310-43C8-B1F3-7D31AE72D470}.Release|x64.ActiveCfg = Release|Any CPU
		{5350F9E8-3310-43C8-B1F3-7D31AE72D470}.Release|x64.Build.0 = Release|Any CPU
		{5350F9E8-3310-43C8-B1F3-7D31AE72D470}.Release|x86.ActiveCfg = Release|Any CPU
		{5350F9E8-3310-43C8-B1F3-7D31AE72D470}.Release|x86.Build.0 = Release|Any CPU
		{B6F35683-5CA8-4022-B021-3269867702C5}.Debug|Any CPU.ActiveCfg = Debug|Any CPU
		{B6F35683-5CA8-4022-B021-3269867702C5}.Debug|Any CPU.Build.0 = Debug|Any CPU
		{B6F35683-5CA8-4022-B021-3269867702C5}.Debug|x64.ActiveCfg = Debug|Any CPU
		{B6F35683-5CA8-4022-B021-3269867702C5}.Debug|x64.Build.0 = Debug|Any CPU
		{B6F35683-5CA8-4022-B021-3269867702C5}.Debug|x86.ActiveCfg = Debug|Any CPU
		{B6F35683-5CA8-4022-B021-3269867702C5}.Debug|x86.Build.0 = Debug|Any CPU
		{B6F35683-5CA8-4022-B021-3269867702C5}.Release|Any CPU.ActiveCfg = Release|Any CPU
		{B6F35683-5CA8-4022-B021-3269867702C5}.Release|Any CPU.Build.0 = Release|Any CPU
		{B6F35683-5CA8-4022-B021-3269867702C5}.Release|x64.ActiveCfg = Release|Any CPU
		{B6F35683-5CA8-4022-B021-3269867702C5}.Release|x64.Build.0 = Release|Any CPU
		{B6F35683-5CA8-4022-B021-3269867702C5}.Release|x86.ActiveCfg = Release|Any CPU
		{B6F35683-5CA8-4022-B021-3269867702C5}.Release|x86.Build.0 = Release|Any CPU
		{E134ACC3-9569-4125-8AB8-4865576A491B}.Debug|Any CPU.ActiveCfg = Debug|Any CPU
		{E134ACC3-9569-4125-8AB8-4865576A491B}.Debug|Any CPU.Build.0 = Debug|Any CPU
		{E134ACC3-9569-4125-8AB8-4865576A491B}.Debug|x64.ActiveCfg = Debug|Any CPU
		{E134ACC3-9569-4125-8AB8-4865576A491B}.Debug|x64.Build.0 = Debug|Any CPU
		{E134ACC3-9569-4125-8AB8-4865576A491B}.Debug|x86.ActiveCfg = Debug|Any CPU
		{E134ACC3-9569-4125-8AB8-4865576A491B}.Debug|x86.Build.0 = Debug|Any CPU
		{E134ACC3-9569-4125-8AB8-4865576A491B}.Release|Any CPU.ActiveCfg = Release|Any CPU
		{E134ACC3-9569-4125-8AB8-4865576A491B}.Release|Any CPU.Build.0 = Release|Any CPU
		{E134ACC3-9569-4125-8AB8-4865576A491B}.Release|x64.ActiveCfg = Release|Any CPU
		{E134ACC3-9569-4125-8AB8-4865576A491B}.Release|x64.Build.0 = Release|Any CPU
		{E134ACC3-9569-4125-8AB8-4865576A491B}.Release|x86.ActiveCfg = Release|Any CPU
		{E134ACC3-9569-4125-8AB8-4865576A491B}.Release|x86.Build.0 = Release|Any CPU
		{E8A2FF5F-B0D0-4209-9DE4-8B7D395AA87E}.Debug|Any CPU.ActiveCfg = Debug|Any CPU
		{E8A2FF5F-B0D0-4209-9DE4-8B7D395AA87E}.Debug|Any CPU.Build.0 = Debug|Any CPU
		{E8A2FF5F-B0D0-4209-9DE4-8B7D395AA87E}.Debug|x64.ActiveCfg = Debug|Any CPU
		{E8A2FF5F-B0D0-4209-9DE4-8B7D395AA87E}.Debug|x64.Build.0 = Debug|Any CPU
		{E8A2FF5F-B0D0-4209-9DE4-8B7D395AA87E}.Debug|x86.ActiveCfg = Debug|Any CPU
		{E8A2FF5F-B0D0-4209-9DE4-8B7D395AA87E}.Debug|x86.Build.0 = Debug|Any CPU
		{E8A2FF5F-B0D0-4209-9DE4-8B7D395AA87E}.Release|Any CPU.ActiveCfg = Release|Any CPU
		{E8A2FF5F-B0D0-4209-9DE4-8B7D395AA87E}.Release|Any CPU.Build.0 = Release|Any CPU
		{E8A2FF5F-B0D0-4209-9DE4-8B7D395AA87E}.Release|x64.ActiveCfg = Release|Any CPU
		{E8A2FF5F-B0D0-4209-9DE4-8B7D395AA87E}.Release|x64.Build.0 = Release|Any CPU
		{E8A2FF5F-B0D0-4209-9DE4-8B7D395AA87E}.Release|x86.ActiveCfg = Release|Any CPU
		{E8A2FF5F-B0D0-4209-9DE4-8B7D395AA87E}.Release|x86.Build.0 = Release|Any CPU
		{AA4F3EA5-8F4D-4CD2-AA13-51415D0E42C0}.Debug|Any CPU.ActiveCfg = Debug|Any CPU
		{AA4F3EA5-8F4D-4CD2-AA13-51415D0E42C0}.Debug|Any CPU.Build.0 = Debug|Any CPU
		{AA4F3EA5-8F4D-4CD2-AA13-51415D0E42C0}.Debug|x64.ActiveCfg = Debug|Any CPU
		{AA4F3EA5-8F4D-4CD2-AA13-51415D0E42C0}.Debug|x64.Build.0 = Debug|Any CPU
		{AA4F3EA5-8F4D-4CD2-AA13-51415D0E42C0}.Debug|x86.ActiveCfg = Debug|Any CPU
		{AA4F3EA5-8F4D-4CD2-AA13-51415D0E42C0}.Debug|x86.Build.0 = Debug|Any CPU
		{AA4F3EA5-8F4D-4CD2-AA13-51415D0E42C0}.Release|Any CPU.ActiveCfg = Release|Any CPU
		{AA4F3EA5-8F4D-4CD2-AA13-51415D0E42C0}.Release|Any CPU.Build.0 = Release|Any CPU
		{AA4F3EA5-8F4D-4CD2-AA13-51415D0E42C0}.Release|x64.ActiveCfg = Release|Any CPU
		{AA4F3EA5-8F4D-4CD2-AA13-51415D0E42C0}.Release|x64.Build.0 = Release|Any CPU
		{AA4F3EA5-8F4D-4CD2-AA13-51415D0E42C0}.Release|x86.ActiveCfg = Release|Any CPU
		{AA4F3EA5-8F4D-4CD2-AA13-51415D0E42C0}.Release|x86.Build.0 = Release|Any CPU
		{99AA4837-03DB-41F1-8670-85A208A4BB0B}.Debug|Any CPU.ActiveCfg = Debug|Any CPU
		{99AA4837-03DB-41F1-8670-85A208A4BB0B}.Debug|Any CPU.Build.0 = Debug|Any CPU
		{99AA4837-03DB-41F1-8670-85A208A4BB0B}.Debug|x64.ActiveCfg = Debug|Any CPU
		{99AA4837-03DB-41F1-8670-85A208A4BB0B}.Debug|x64.Build.0 = Debug|Any CPU
		{99AA4837-03DB-41F1-8670-85A208A4BB0B}.Debug|x86.ActiveCfg = Debug|Any CPU
		{99AA4837-03DB-41F1-8670-85A208A4BB0B}.Debug|x86.Build.0 = Debug|Any CPU
		{99AA4837-03DB-41F1-8670-85A208A4BB0B}.Release|Any CPU.ActiveCfg = Release|Any CPU
		{99AA4837-03DB-41F1-8670-85A208A4BB0B}.Release|Any CPU.Build.0 = Release|Any CPU
		{99AA4837-03DB-41F1-8670-85A208A4BB0B}.Release|x64.ActiveCfg = Release|Any CPU
		{99AA4837-03DB-41F1-8670-85A208A4BB0B}.Release|x64.Build.0 = Release|Any CPU
		{99AA4837-03DB-41F1-8670-85A208A4BB0B}.Release|x86.ActiveCfg = Release|Any CPU
		{99AA4837-03DB-41F1-8670-85A208A4BB0B}.Release|x86.Build.0 = Release|Any CPU
	EndGlobalSection
EndGlobal
